
Microsoft Visual Studio Solution File, Format Version 12.00
# Visual Studio Version 16
VisualStudioVersion = 16.0.30413.136
MinimumVisualStudioVersion = 10.0.40219.1
Project("{FAE04EC0-301F-11D3-BF4B-00C04F79EFBC}") = "ToDoApp", "ToDoApp\ToDoApp.csproj", "{941F204F-5DF5-494C-AA65-EE43165DE815}"
EndProject
Global
	GlobalSection(SolutionConfigurationPlatforms) = preSolution
		Debug|Any CPU = Debug|Any CPU
		Release|Any CPU = Release|Any CPU
	EndGlobalSection
	GlobalSection(ProjectConfigurationPlatforms) = postSolution
		{941F204F-5DF5-494C-AA65-EE43165DE815}.Debug|Any CPU.ActiveCfg = Debug|Any CPU
		{941F204F-5DF5-494C-AA65-EE43165DE815}.Debug|Any CPU.Build.0 = Debug|Any CPU
		{941F204F-5DF5-494C-AA65-EE43165DE815}.Release|Any CPU.ActiveCfg = Release|Any CPU
		{941F204F-5DF5-494C-AA65-EE43165DE815}.Release|Any CPU.Build.0 = Release|Any CPU
	EndGlobalSection
	GlobalSection(SolutionProperties) = preSolution
		HideSolutionNode = FALSE
	EndGlobalSection
	GlobalSection(ExtensibilityGlobals) = postSolution
		SolutionGuid = {795E4555-ED29-4785-B0A8-914296415C45}
	EndGlobalSection
EndGlobal
